
Microsoft Visual Studio Solution File, Format Version 12.00
# Visual Studio Version 16
VisualStudioVersion = 16.0.30717.126
MinimumVisualStudioVersion = 10.0.40219.1
Project("{FAE04EC0-301F-11D3-BF4B-00C04F79EFBC}") = "Entities", "Entities\Entities.csproj", "{DC8916CA-5FF8-4BE1-A4A4-6703A13BE4A2}"
EndProject
Project("{FAE04EC0-301F-11D3-BF4B-00C04F79EFBC}") = "Business", "Business\Business.csproj", "{53CB3F09-60EE-4572-A9B5-7C5DF58E2300}"
EndProject
Project("{FAE04EC0-301F-11D3-BF4B-00C04F79EFBC}") = "DataAccess", "DataAccess\DataAccess.csproj", "{A10D3EC8-9A3D-4566-9D34-30BFDAC7D264}"
EndProject
Project("{9A19103F-16F7-4668-BE54-9A1E7A4F7556}") = "Core", "Core\Core.csproj", "{F20C23AA-4CAF-4AAC-8CC2-1AB758794FB0}"
EndProject
Global
	GlobalSection(SolutionConfigurationPlatforms) = preSolution
		Debug|Any CPU = Debug|Any CPU
		Release|Any CPU = Release|Any CPU
	EndGlobalSection
	GlobalSection(ProjectConfigurationPlatforms) = postSolution
		{DC8916CA-5FF8-4BE1-A4A4-6703A13BE4A2}.Debug|Any CPU.ActiveCfg = Debug|Any CPU
		{DC8916CA-5FF8-4BE1-A4A4-6703A13BE4A2}.Debug|Any CPU.Build.0 = Debug|Any CPU
		{DC8916CA-5FF8-4BE1-A4A4-6703A13BE4A2}.Release|Any CPU.ActiveCfg = Release|Any CPU
		{DC8916CA-5FF8-4BE1-A4A4-6703A13BE4A2}.Release|Any CPU.Build.0 = Release|Any CPU
		{53CB3F09-60EE-4572-A9B5-7C5DF58E2300}.Debug|Any CPU.ActiveCfg = Debug|Any CPU
		{53CB3F09-60EE-4572-A9B5-7C5DF58E2300}.Debug|Any CPU.Build.0 = Debug|Any CPU
		{53CB3F09-60EE-4572-A9B5-7C5DF58E2300}.Release|Any CPU.ActiveCfg = Release|Any CPU
		{53CB3F09-60EE-4572-A9B5-7C5DF58E2300}.Release|Any CPU.Build.0 = Release|Any CPU
		{A10D3EC8-9A3D-4566-9D34-30BFDAC7D264}.Debug|Any CPU.ActiveCfg = Debug|Any CPU
		{A10D3EC8-9A3D-4566-9D34-30BFDAC7D264}.Debug|Any CPU.Build.0 = Debug|Any CPU
		{A10D3EC8-9A3D-4566-9D34-30BFDAC7D264}.Release|Any CPU.ActiveCfg = Release|Any CPU
		{A10D3EC8-9A3D-4566-9D34-30BFDAC7D264}.Release|Any CPU.Build.0 = Release|Any CPU
		{F20C23AA-4CAF-4AAC-8CC2-1AB758794FB0}.Debug|Any CPU.ActiveCfg = Debug|Any CPU
		{F20C23AA-4CAF-4AAC-8CC2-1AB758794FB0}.Debug|Any CPU.Build.0 = Debug|Any CPU
		{F20C23AA-4CAF-4AAC-8CC2-1AB758794FB0}.Release|Any CPU.ActiveCfg = Release|Any CPU
		{F20C23AA-4CAF-4AAC-8CC2-1AB758794FB0}.Release|Any CPU.Build.0 = Release|Any CPU
	EndGlobalSection
	GlobalSection(SolutionProperties) = preSolution
		HideSolutionNode = FALSE
	EndGlobalSection
	GlobalSection(ExtensibilityGlobals) = postSolution
		SolutionGuid = {2E1FC14F-8AD3-40ED-8EC7-CCA27D3CEC82}
	EndGlobalSection
EndGlobal
